{
  "lockfile_version": "1",
  "packages": {
    "gci@latest": {
      "last_modified": "2026-08-12T11:28:58Z",
      "resolved": "github:NixOS/nixpkgs/044bfe75bfe4c7bbe043dc17b5e42ea823b84a09#gci",
      "source": "devbox-search",
      "version": "0.14.0",
      "systems": {
        "aarch64-darwin": {
          "outputs": [
            {
              "name": "out",
              "path": "/nix/store/rm59kzlmawrjdz3d53pxg4qsdgcw9r08-gci-0.14.0",
              "default": true
            }
          ],
          "store_path": "/nix/store/rm59kzlmawrjdz3d53pxg4qsdgcw9r08-gci-0.14.0"
        },
        "aarch64-linux": {
          "outputs": [
            {
              "name": "out",
              "path": "/nix/store/q3x8x5m49nyy0qnwsyzw5c2rvxhyd6lv-gci-0.14.0",
              "default": true
            }
          ],
          "store_path": "/nix/store/q3x8x5m49nyy0qnwsyzw5c2rvxhyd6lv-gci-0.14.0"
        },
        "x86_64-darwin": {
          "outputs": [
            {
              "name": "out",
              "path": "/nix/store/6127sq7ja6v97nf748dagf2p1p2dgppr-gci-0.14.0",
              "default": true
            }
          ],
          "store_path": "/nix/store/6127sq7ja6v97nf748dagf2p1p2dgppr-gci-0.14.0"
        },
        "x86_64-linux": {
          "outputs": [
            {
              "name": "out",
              "path": "/nix/store/k18506x4ly3vch7s457kg7g7yfqh8vhf-gci-0.14.0",
              "default": true
            }
          ],
          "store_path": "/nix/store/k18506x4ly3vch7s457kg7g7yfqh8vhf-gci-0.14.0"
        }
      }
    },
    "git@latest": {
      "last_modified": "2026-08-12T11:28:58Z",
      "resolved": "github:NixOS/nixpkgs/044bfe75bfe4c7bbe043dc17b5e42ea823b84a09#git",
      "source": "devbox-search",
      "version": "2.55.0",
      "systems": {
        "aarch64-darwin": {
          "outputs": [
            {
              "name": "out",
              "path": "/nix/store/hiw6ii978dc8s153v60fzy6myzqxymm7-git-2.55.0",
              "default": true
            },
            {
              "name": "doc",
              "path": "/nix/store/181ykp1mvmh07rq1sqfss8n7s1sc3mlm-git-2.55.0-doc"
            }
          ],
          "store_path": "/nix/store/hiw6ii978dc8s153v60fzy6myzqxymm7-git-2.55.0"
        },
        "aarch64-linux": {
          "outputs": [
            {
              "name": "out",
              "path": "/nix/store/q3pvpkn0qmin7x572p3z32hxz9yny73i-git-2.55.0",
              "default": true
            },
            {
              "name": "debug",
              "path": "/nix/store/5rjalzcb929d9qrxp8v6xxz99vfhmxhn-git-2.55.0-debug"
            },
            {
              "name": "doc",
              "path": "/nix/store/jbfpbknl5qh0cm5zg48gxgb6fzhwvq04-git-2.55.0-doc"
            }
          ],
          "store_path": "/nix/store/q3pvpkn0qmin7x572p3z32hxz9yny73i-git-2.55.0"
        },
        "x86_64-linux": {
          "outputs": [
            {
              "name": "out",
              "path": "/nix/store/8wxs6573l730vxkqd6wp58kvxa19csll-git-2.55.0",
              "default": true
            },
            {
              "name": "debug",
              "path": "/nix/store/3zxdc75ib758dwba0afaj63d33w6z42w-git-2.55.0-debug"
            },
            {
              "name": "doc",
              "path": "/nix/store/h1dp7wlh1saz2d77ajpdpbms1fn56ih8-git-2.55.0-doc"
            }
          ],
          "store_path": "/nix/store/8wxs6573l730vxkqd6wp58kvxa19csll-git-2.55.0"
        }
      }
    },
    "github:NixOS/nixpkgs/nixpkgs-unstable": {
      "last_modified": "2026-07-24T05:48:35Z",
      "resolved": "github:NixOS/nixpkgs/335f0738cb2fa9708f3f428e39d2eae975d1338d?lastModified=1784872115&narHash=sha256-THPEF2po0fsoH8gNtp%2BAe0XFDJH3N%2Fol7xO3v6VMTJU%3D"
    },
    "github:openserbia/go-flake#go_1_27_0": {
      "last_modified": "2026-08-20T17:28:17Z",
      "resolved": "github:openserbia/go-flake/a940a206b47227f54e7286f5eb77f70e67d20635?lastModified=1787246897&narHash=sha256-Pw3Y3B9noJmPqoV%2FSvFrC3UO32CCHswiSrM7e7a7a70%3D#go_1_27_0"
    },
    "github:openserbia/go-flake#gofumpt_0_11_0": {
      "last_modified": "2026-08-20T17:28:17Z",
      "resolved": "github:openserbia/go-flake/a940a206b47227f54e7286f5eb77f70e67d20635?lastModified=1787246897&narHash=sha256-Pw3Y3B9noJmPqoV%2FSvFrC3UO32CCHswiSrM7e7a7a70%3D#gofumpt_0_11_0"
    },
    "github:openserbia/go-flake#golangci-lint_2_13_1": {
      "last_modified": "2026-08-20T17:28:17Z",
      "resolved": "github:openserbia/go-flake/a940a206b47227f54e7286f5eb77f70e67d20635?lastModified=1787246897&narHash=sha256-Pw3Y3B9noJmPqoV%2FSvFrC3UO32CCHswiSrM7e7a7a70%3D#golangci-lint_2_13_1"
    },
    "github:openserbia/go-flake#govulncheck_1_7_0": {
      "last_modified": "2026-08-20T17:28:17Z",
      "resolved": "github:openserbia/go-flake/a940a206b47227f54e7286f5eb77f70e67d20635?lastModified=1787246897&narHash=sha256-Pw3Y3B9noJmPqoV%2FSvFrC3UO32CCHswiSrM7e7a7a70%3D#govulncheck_1_7_0"
    },
    "gitleaks@latest": {
      "last_modified": "2026-08-12T11:28:58Z",
      "resolved": "github:NixOS/nixpkgs/044bfe75bfe4c7bbe043dc17b5e42ea823b84a09#gitleaks",
      "source": "devbox-search",
      "version": "8.30.1",
      "systems": {
        "aarch64-darwin": {
          "outputs": [
            {
              "name": "out",
              "path": "/nix/store/0zilxn1s7vskm1b8jxbyic99aql7zzaq-gitleaks-8.30.1",
              "default": true
            }
          ],
          "store_path": "/nix/store/0zilxn1s7vskm1b8jxbyic99aql7zzaq-gitleaks-8.30.1"
        },
        "aarch64-linux": {
          "outputs": [
            {
              "name": "out",
              "path": "/nix/store/7fbpgnngix9bnqgflzfybz2i8nrr8cmj-gitleaks-8.30.1",
              "default": true
            }
          ],
          "store_path": "/nix/store/7fbpgnngix9bnqgflzfybz2i8nrr8cmj-gitleaks-8.30.1"
        },
        "x86_64-darwin": {
          "outputs": [
            {
              "name": "out",
              "path": "/nix/store/v5x4dkl13y4nxhcaq4xmrwkidy44gv9p-gitleaks-8.30.1",
              "default": true
            }
          ],
          "store_path": "/nix/store/v5x4dkl13y4nxhcaq4xmrwkidy44gv9p-gitleaks-8.30.1"
        },
        "x86_64-linux": {
          "outputs": [
            {
              "name": "out",
              "path": "/nix/store/dmi3zxbmff31nb0j6y24wi2055k7ahsw-gitleaks-8.30.1",
              "default": true
            }
          ],
          "store_path": "/nix/store/dmi3zxbmff31nb0j6y24wi2055k7ahsw-gitleaks-8.30.1"
        }
      }
    },
    "go-task@latest": {
      "last_modified": "2026-08-16T22:25:34Z",
      "resolved": "github:NixOS/nixpkgs/21e032ff95225fb81164a2b2b696c5f6841fcb62#go-task",
      "source": "devbox-search",
      "version": "3.52.0",
      "systems": {
        "aarch64-darwin": {
          "outputs": [
            {
              "name": "out",
              "path": "/nix/store/cai65hxx8nfq0pcy1jsi9bpf9rdkgm8d-go-task-3.52.0",
              "default": true
            }
          ],
          "store_path": "/nix/store/cai65hxx8nfq0pcy1jsi9bpf9rdkgm8d-go-task-3.52.0"
        },
        "aarch64-linux": {
          "outputs": [
            {
              "name": "out",
              "path": "/nix/store/viya59rc1708vqi0g67kzmsnvn4ql3gn-go-task-3.52.0",
              "default": true
            }
          ],
          "store_path": "/nix/store/viya59rc1708vqi0g67kzmsnvn4ql3gn-go-task-3.52.0"
        },
        "x86_64-linux": {
          "outputs": [
            {
              "name": "out",
              "path": "/nix/store/x9x07fj5xhwp1riqms54b75izn59xdch-go-task-3.52.0",
              "default": true
            }
          ],
          "store_path": "/nix/store/x9x07fj5xhwp1riqms54b75izn59xdch-go-task-3.52.0"
        }
      }
    }
  }
}
